
Microsoft Visual Studio Solution File, Format Version 12.00
# Visual Studio Version 17
VisualStudioVersion = 17.14.36518.9 d17.14
MinimumVisualStudioVersion = 10.0.40219.1
Project("{FAE04EC0-301F-11D3-BF4B-00C04F79EFBC}") = "TurnUpPortal", "TurnUpPortal.csproj", "{F782920E-DD7B-4328-8F15-BEF265691740}"
EndProject
Global
	GlobalSection(SolutionConfigurationPlatforms) = preSolution
		Debug|Any CPU = Debug|Any CPU
		Release|Any CPU = Release|Any CPU
	EndGlobalSection
	GlobalSection(ProjectConfigurationPlatforms) = postSolution
		{F782920E-DD7B-4328-8F15-BEF265691740}.Debug|Any CPU.ActiveCfg = Debug|Any CPU
		{F782920E-DD7B-4328-8F15-BEF265691740}.Debug|Any CPU.Build.0 = Debug|Any CPU
		{F782920E-DD7B-4328-8F15-BEF265691740}.Release|Any CPU.ActiveCfg = Release|Any CPU
		{F782920E-DD7B-4328-8F15-BEF265691740}.Release|Any CPU.Build.0 = Release|Any CPU
	EndGlobalSection
	GlobalSection(SolutionProperties) = preSolution
		HideSolutionNode = FALSE
	EndGlobalSection
	GlobalSection(ExtensibilityGlobals) = postSolution
		SolutionGuid = {1E1ABCCC-8786-4E19-B030-9CAE01EDA101}
	EndGlobalSection
EndGlobal
